
Microsoft Visual Studio Solution File, Format Version 12.00
# Visual Studio Version 17
VisualStudioVersion = 17.0.31903.59
MinimumVisualStudioVersion = 10.0.40219.1
Project("{FAE04EC0-301F-11D3-BF4B-00C04F79EFBC}") = "WeaselHost.Core", "WeaselHost.Core\WeaselHost.Core.csproj", "{E8EFB270-CA60-4534-BA2B-69A6800D74B5}"
EndProject
Project("{FAE04EC0-301F-11D3-BF4B-00C04F79EFBC}") = "WeaselHost", "WeaselHost\WeaselHost.csproj", "{A5602916-AE73-4084-B8F1-40B8FC9C4376}"
EndProject
Project("{FAE04EC0-301F-11D3-BF4B-00C04F79EFBC}") = "WeaselHost.Web", "WeaselHost.Web\WeaselHost.Web.csproj", "{DFAC70B2-BA05-47AC-A14A-70BBBE9E50A6}"
EndProject
Project("{FAE04EC0-301F-11D3-BF4B-00C04F79EFBC}") = "WeaselHost.Infrastructure", "WeaselHost.Infrastructure\WeaselHost.Infrastructure.csproj", "{BCDD5F7D-EF0A-4415-9D41-8E6884A2D50C}"
EndProject
Global
	GlobalSection(SolutionConfigurationPlatforms) = preSolution
		Debug|Any CPU = Debug|Any CPU
		Debug|x64 = Debug|x64
		Debug|x86 = Debug|x86
		Release|Any CPU = Release|Any CPU
		Release|x64 = Release|x64
		Release|x86 = Release|x86
	EndGlobalSection
	GlobalSection(ProjectConfigurationPlatforms) = postSolution
		{E8EFB270-CA60-4534-BA2B-69A6800D74B5}.Debug|Any CPU.ActiveCfg = Debug|Any CPU
		{E8EFB270-CA60-4534-BA2B-69A6800D74B5}.Debug|Any CPU.Build.0 = Debug|Any CPU
		{E8EFB270-CA60-4534-BA2B-69A6800D74B5}.Debug|x64.ActiveCfg = Debug|Any CPU
		{E8EFB270-CA60-4534-BA2B-69A6800D74B5}.Debug|x64.Build.0 = Debug|Any CPU
		{E8EFB270-CA60-4534-BA2B-69A6800D74B5}.Debug|x86.ActiveCfg = Debug|Any CPU
		{E8EFB270-CA60-4534-BA2B-69A6800D74B5}.Debug|x86.Build.0 = Debug|Any CPU
		{E8EFB270-CA60-4534-BA2B-69A6800D74B5}.Release|Any CPU.ActiveCfg = Release|Any CPU
		{E8EFB270-CA60-4534-BA2B-69A6800D74B5}.Release|Any CPU.Build.0 = Release|Any CPU
		{E8EFB270-CA60-4534-BA2B-69A6800D74B5}.Release|x64.ActiveCfg = Release|Any CPU
		{E8EFB270-CA60-4534-BA2B-69A6800D74B5}.Release|x64.Build.0 = Release|Any CPU
		{E8EFB270-CA60-4534-BA2B-69A6800D74B5}.Release|x86.ActiveCfg = Release|Any CPU
		{E8EFB270-CA60-4534-BA2B-69A6800D74B5}.Release|x86.Build.0 = Release|Any CPU
		{A5602916-AE73-4084-B8F1-40B8FC9C4376}.Debug|Any CPU.ActiveCfg = Debug|Any CPU
		{A5602916-AE73-4084-B8F1-40B8FC9C4376}.Debug|Any CPU.Build.0 = Debug|Any CPU
		{A5602916-AE73-4084-B8F1-40B8FC9C4376}.Debug|x64.ActiveCfg = Debug|Any CPU
		{A5602916-AE73-4084-B8F1-40B8FC9C4376}.Debug|x64.Build.0 = Debug|Any CPU
		{A5602916-AE73-4084-B8F1-40B8FC9C4376}.Debug|x86.ActiveCfg = Debug|Any CPU
		{A5602916-AE73-4084-B8F1-40B8FC9C4376}.Debug|x86.Build.0 = Debug|Any CPU
		{A5602916-AE73-4084-B8F1-40B8FC9C4376}.Release|Any CPU.ActiveCfg = Release|Any CPU
		{A5602916-AE73-4084-B8F1-40B8FC9C4376}.Release|Any CPU.Build.0 = Release|Any CPU
		{A5602916-AE73-4084-B8F1-40B8FC9C4376}.Release|x64.ActiveCfg = Release|Any CPU
		{A5602916-AE73-4084-B8F1-40B8FC9C4376}.Release|x64.Build.0 = Release|Any CPU
		{A5602916-AE73-4084-B8F1-40B8FC9C4376}.Release|x86.ActiveCfg = Release|Any CPU
		{A5602916-AE73-4084-B8F1-40B8FC9C4376}.Release|x86.Build.0 = Release|Any CPU
		{DFAC70B2-BA05-47AC-A14A-70BBBE9E50A6}.Debug|Any CPU.ActiveCfg = Debug|Any CPU
		{DFAC70B2-BA05-47AC-A14A-70BBBE9E50A6}.Debug|Any CPU.Build.0 = Debug|Any CPU
		{DFAC70B2-BA05-47AC-A14A-70BBBE9E50A6}.Debug|x64.ActiveCfg = Debug|Any CPU
		{DFAC70B2-BA05-47AC-A14A-70BBBE9E50A6}.Debug|x64.Build.0 = Debug|Any CPU
		{DFAC70B2-BA05-47AC-A14A-70BBBE9E50A6}.Debug|x86.ActiveCfg = Debug|Any CPU
		{DFAC70B2-BA05-47AC-A14A-70BBBE9E50A6}.Debug|x86.Build.0 = Debug|Any CPU
		{DFAC70B2-BA05-47AC-A14A-70BBBE9E50A6}.Release|Any CPU.ActiveCfg = Release|Any CPU
		{DFAC70B2-BA05-47AC-A14A-70BBBE9E50A6}.Release|Any CPU.Build.0 = Release|Any CPU
		{DFAC70B2-BA05-47AC-A14A-70BBBE9E50A6}.Release|x64.ActiveCfg = Release|Any CPU
		{DFAC70B2-BA05-47AC-A14A-70BBBE9E50A6}.Release|x64.Build.0 = Release|Any CPU
		{DFAC70B2-BA05-47AC-A14A-70BBBE9E50A6}.Release|x86.ActiveCfg = Release|Any CPU
		{DFAC70B2-BA05-47AC-A14A-70BBBE9E50A6}.Release|x86.Build.0 = Release|Any CPU
		{BCDD5F7D-EF0A-4415-9D41-8E6884A2D50C}.Debug|Any CPU.ActiveCfg = Debug|Any CPU
		{BCDD5F7D-EF0A-4415-9D41-8E6884A2D50C}.Debug|Any CPU.Build.0 = Debug|Any CPU
		{BCDD5F7D-EF0A-4415-9D41-8E6884A2D50C}.Debug|x64.ActiveCfg = Debug|Any CPU
		{BCDD5F7D-EF0A-4415-9D41-8E6884A2D50C}.Debug|x64.Build.0 = Debug|Any CPU
		{BCDD5F7D-EF0A-4415-9D41-8E6884A2D50C}.Debug|x86.ActiveCfg = Debug|Any CPU
		{BCDD5F7D-EF0A-4415-9D41-8E6884A2D50C}.Debug|x86.Build.0 = Debug|Any CPU
		{BCDD5F7D-EF0A-4415-9D41-8E6884A2D50C}.Release|Any CPU.ActiveCfg = Release|Any CPU
		{BCDD5F7D-EF0A-4415-9D41-8E6884A2D50C}.Release|Any CPU.Build.0 = Release|Any CPU
		{BCDD5F7D-EF0A-4415-9D41-8E6884A2D50C}.Release|x64.ActiveCfg = Release|Any CPU
		{BCDD5F7D-EF0A-4415-9D41-8E6884A2D50C}.Release|x64.Build.0 = Release|Any CPU
		{BCDD5F7D-EF0A-4415-9D41-8E6884A2D50C}.Release|x86.ActiveCfg = Release|Any CPU
		{BCDD5F7D-EF0A-4415-9D41-8E6884A2D50C}.Release|x86.Build.0 = Release|Any CPU
	EndGlobalSection
	GlobalSection(SolutionProperties) = preSolution
		HideSolutionNode = FALSE
	EndGlobalSection
EndGlobal
